
Microsoft Visual Studio Solution File, Format Version 12.00
# Visual Studio 14
VisualStudioVersion = 14.0.25420.1
MinimumVisualStudioVersion = 10.0.40219.1
Project("{2150E333-8FDC-42A3-9474-1A3956D46DE8}") = "Property", "Property", "{601C3761-1766-4F27-BFE6-A7C39F0CFEF7}"
EndProject
Project("{2150E333-8FDC-42A3-9474-1A3956D46DE8}") = "Domain.Model", "Domain.Model", "{A284837B-46E3-4BD2-AA43-05DB411B1462}"
EndProject
Project("{FAE04EC0-301F-11D3-BF4B-00C04F79EFBC}") = "RentStuff.Property.Domain.Model", "Property\Domain.Model\RentStuff.Property.Domain.Model\RentStuff.Property.Domain.Model.csproj", "{C6C90B57-616B-4D09-BA23-1C9C42AC93AD}"
EndProject
Project("{FAE04EC0-301F-11D3-BF4B-00C04F79EFBC}") = "RentStuff.Property.Domain.Model.Tests", "Property\Domain.Model\RentStuff.Property.Domain.Model.Tests\RentStuff.Property.Domain.Model.Tests.csproj", "{03F4AAC8-E312-44B2-961C-AB5592C6853F}"
EndProject
Project("{2150E333-8FDC-42A3-9474-1A3956D46DE8}") = "Common", "Common", "{FC5C8102-EF10-4F01-BF01-DF21D83A94E8}"
EndProject
Project("{2150E333-8FDC-42A3-9474-1A3956D46DE8}") = "Infrastructure", "Infrastructure", "{9E864800-0C66-4330-A79D-1950BD8F3481}"
EndProject
Project("{FAE04EC0-301F-11D3-BF4B-00C04F79EFBC}") = "RentStuff.Property.Infrastructure.Persistence", "Property\Infrastructure\RentStuff.Property.Infrastructure.Persistence\RentStuff.Property.Infrastructure.Persistence.csproj", "{8CC19802-C300-4E6B-9137-83DB9D94A481}"
EndProject
Project("{2150E333-8FDC-42A3-9474-1A3956D46DE8}") = "Data", "Data", "{139B8879-4E88-48E0-AC8C-606D565B8701}"
EndProject
Project("{2150E333-8FDC-42A3-9474-1A3956D46DE8}") = "MySql", "MySql", "{5B4ED24E-BE26-4A1B-AF37-A30373B09DC2}"
	ProjectSection(SolutionItems) = preProject
		Data\MySql\create.sql = Data\MySql\create.sql
		Data\MySql\populate.sql = Data\MySql\populate.sql
	EndProjectSection
EndProject
Project("{2150E333-8FDC-42A3-9474-1A3956D46DE8}") = ".nuget", ".nuget", "{10AC34EB-EFDF-45CC-8418-C7629391ACA0}"
	ProjectSection(SolutionItems) = preProject
		.nuget\NuGet.Config = .nuget\NuGet.Config
		.nuget\NuGet.exe = .nuget\NuGet.exe
		.nuget\NuGet.targets = .nuget\NuGet.targets
	EndProjectSection
EndProject
Project("{FAE04EC0-301F-11D3-BF4B-00C04F79EFBC}") = "RentStuff.Property.Persistence.IntegrationTests", "Property\Infrastructure\RentStuff.Property.Persistence.IntegrationTests\RentStuff.Property.Persistence.IntegrationTests.csproj", "{EC5F3B68-1A9A-422C-8852-B0227BCE7183}"
EndProject
Project("{2150E333-8FDC-42A3-9474-1A3956D46DE8}") = "Application", "Application", "{735CB2CB-2F7E-4D9F-AD8D-CEB0992E818A}"
EndProject
Project("{FAE04EC0-301F-11D3-BF4B-00C04F79EFBC}") = "RentStuff.Property.Application", "Property\Application\RentStuff.Property.Application\RentStuff.Property.Application.csproj", "{0CCF9F64-68FF-487C-A46A-B25349F249A5}"
EndProject
Project("{2150E333-8FDC-42A3-9474-1A3956D46DE8}") = "Ports", "Ports", "{855F3427-5846-4366-8705-08A24E7909C5}"
EndProject
Project("{FAE04EC0-301F-11D3-BF4B-00C04F79EFBC}") = "RentStuff.Common.WebHost", "Common\RentStuff.Common.WebHost\RentStuff.Common.WebHost.csproj", "{A0B1BC04-A6F9-40CF-B8CB-29F7662DB517}"
EndProject
Project("{FAE04EC0-301F-11D3-BF4B-00C04F79EFBC}") = "RentStuff.Property.Ports.Adapter.Rest", "Property\Ports\RentStuff.Property.Ports.Adapter.Rest\RentStuff.Property.Ports.Adapter.Rest.csproj", "{F5927692-6840-4B54-A8AA-EC37152112DF}"
EndProject
Project("{FAE04EC0-301F-11D3-BF4B-00C04F79EFBC}") = "RentStuff.Property.Application.IntegrationTests", "Property\Application\RentStuff.Property.Application.IntegrationTests\RentStuff.Property.Application.IntegrationTests.csproj", "{E194A013-A570-4651-A709-9904C402DF07}"
EndProject
Project("{FAE04EC0-301F-11D3-BF4B-00C04F79EFBC}") = "RentStuff.Common", "Common\RentStuff.Common\RentStuff.Common.csproj", "{85EED18F-3C13-49EF-9C12-48FDB2661896}"
EndProject
Project("{FAE04EC0-301F-11D3-BF4B-00C04F79EFBC}") = "RentStuff.Property.Ports.Tests", "Property\Ports\RentStuff.Property.Ports.Tests\RentStuff.Property.Ports.Tests.csproj", "{48820D20-88B1-4641-8160-5014E9A6402E}"
EndProject
Project("{FAE04EC0-301F-11D3-BF4B-00C04F79EFBC}") = "RentStuff.Common.Console", "Common\RentStuff.Common.Console\RentStuff.Common.Console.csproj", "{567179C3-D2CD-4E90-983E-0932823EDFE0}"
EndProject
Project("{2150E333-8FDC-42A3-9474-1A3956D46DE8}") = "IdentityAndAccess", "IdentityAndAccess", "{86C3C009-FEEF-4D35-8E99-DCD4F9E6AA09}"
EndProject
Project("{2150E333-8FDC-42A3-9474-1A3956D46DE8}") = "Ports", "Ports", "{CE44C7F9-5D1C-4608-AA8E-252B40359F74}"
EndProject
Project("{FAE04EC0-301F-11D3-BF4B-00C04F79EFBC}") = "RentStuff.Identity.Ports.Adapter.Rest", "IdentityAndAccess\Ports\RentStuff.Identity.Ports.Adapter.Rest\RentStuff.Identity.Ports.Adapter.Rest.csproj", "{9A986BD9-D995-4FB0-81B7-9F4DDD5F7012}"
EndProject
Project("{2150E333-8FDC-42A3-9474-1A3956D46DE8}") = "Infrastructure", "Infrastructure", "{006C4527-5731-4B65-AE75-6328231EDAB0}"
EndProject
Project("{FAE04EC0-301F-11D3-BF4B-00C04F79EFBC}") = "RentStuff.Identity.Infrastructure.Services", "IdentityAndAccess\Infrastructure\RentStuff.Identity.Infrastructure.Services\RentStuff.Identity.Infrastructure.Services.csproj", "{24153DF5-36AD-4A75-BE68-0D3C53E8FA28}"
EndProject
Project("{2150E333-8FDC-42A3-9474-1A3956D46DE8}") = "Application", "Application", "{6C7AB180-01E4-43AF-AAED-369EFBC572E5}"
EndProject
Project("{FAE04EC0-301F-11D3-BF4B-00C04F79EFBC}") = "RentStuff.Identity.Application", "IdentityAndAccess\Application\RentStuff.Identity.Application\RentStuff.Identity.Application.csproj", "{7074E183-7B33-495D-BB73-B8E59D985FD0}"
EndProject
Project("{FAE04EC0-301F-11D3-BF4B-00C04F79EFBC}") = "RentStuff.Identity.Infrastructure.Services.IntegTests", "IdentityAndAccess\Infrastructure\RentStuff.Identity.Infrastructure.Services.IntegTests\RentStuff.Identity.Infrastructure.Services.IntegTests.csproj", "{C3760CB3-4CF3-4A61-95CB-BF96416263D4}"
EndProject
Project("{FAE04EC0-301F-11D3-BF4B-00C04F79EFBC}") = "RentStuff.Identity.Infrastructure.Persistence", "IdentityAndAccess\Infrastructure\RentStuff.Identity.Infrastructure.Persistence\RentStuff.Identity.Infrastructure.Persistence.csproj", "{CBC02C41-9B9D-43C3-AC9B-89333E061AC1}"
EndProject
Project("{2150E333-8FDC-42A3-9474-1A3956D46DE8}") = "Domain.Model", "Domain.Model", "{3A7E2F02-75A0-493D-BC92-5B6569165DF2}"
EndProject
Project("{FAE04EC0-301F-11D3-BF4B-00C04F79EFBC}") = "RentStuff.Identity.Domain.Model", "IdentityAndAccess\Domain.Model\RentStuff.Identity.Domain.Model\RentStuff.Identity.Domain.Model.csproj", "{E9984F91-391D-4D08-99E7-84514E351CB4}"
EndProject
Project("{FAE04EC0-301F-11D3-BF4B-00C04F79EFBC}") = "RentStuff.Identity.Infrastructure.Persist.IntegTests", "IdentityAndAccess\Infrastructure\RentStuff.Identity.Infrastructure.Persist.IntegTests\RentStuff.Identity.Infrastructure.Persist.IntegTests.csproj", "{173514CF-4CB5-4FC5-8931-E78D963C85B9}"
EndProject
Project("{FAE04EC0-301F-11D3-BF4B-00C04F79EFBC}") = "RentStuff.Identity.Ports.Adapter.Rest.IntegrationTests", "IdentityAndAccess\Ports\RentStuff.Identity.Ports.Adapter.Rest.IntegrationTests\RentStuff.Identity.Ports.Adapter.Rest.IntegrationTests.csproj", "{4DA59693-D36F-49B7-BF3B-512B4FF5B147}"
EndProject
Project("{FAE04EC0-301F-11D3-BF4B-00C04F79EFBC}") = "RentStuff.Identity.Application.IntegrationTests", "IdentityAndAccess\Application\RentStuff.Identity.Application.IntegrationTests\RentStuff.Identity.Application.IntegrationTests.csproj", "{DDCD4227-D0FC-4702-8A05-BD5C5B60F79C}"
EndProject
Project("{2150E333-8FDC-42A3-9474-1A3956D46DE8}") = "Services", "Services", "{AB5FAD01-A68C-4228-B958-1D4CEA65FC68}"
EndProject
Project("{2150E333-8FDC-42A3-9474-1A3956D46DE8}") = "Domain.Model", "Domain.Model", "{786D1F52-37E9-4B56-93C9-5C6F8D3D128F}"
EndProject
Project("{FAE04EC0-301F-11D3-BF4B-00C04F79EFBC}") = "RentStuff.Services.Domain.Model", "Services\Domain.Model\RentStuff.Services.Domain.Model\RentStuff.Services.Domain.Model.csproj", "{8FD494E6-AC07-47F4-A868-59163E4F4477}"
EndProject
Project("{FAE04EC0-301F-11D3-BF4B-00C04F79EFBC}") = "RentStuff.Services.Domain.Model.UnitTests", "Services\Domain.Model\RentStuff.Services.Domain.Model.UnitTests\RentStuff.Services.Domain.Model.UnitTests.csproj", "{2ABC48C3-1C71-4D95-BA87-117C1C6D42B6}"
EndProject
Project("{2150E333-8FDC-42A3-9474-1A3956D46DE8}") = "Infrastructure", "Infrastructure", "{ECBC00B5-2995-43E4-8AFF-C9D258D45160}"
EndProject
Project("{FAE04EC0-301F-11D3-BF4B-00C04F79EFBC}") = "RentStuff.Services.Infrastructure.Persistence", "Services\Infrastructure\RentStuff.Services.Infrastructure.Persistence\RentStuff.Services.Infrastructure.Persistence.csproj", "{1D08F074-7310-4BFE-87EE-1F51BDDA6DC7}"
EndProject
Project("{FAE04EC0-301F-11D3-BF4B-00C04F79EFBC}") = "RentStuff.Services.Infrastructure.Persistence.Tests", "Services\Infrastructure\RentStuff.Services.Infrastructure.Persistence.Tests\RentStuff.Services.Infrastructure.Persistence.Tests.csproj", "{C5BB148A-87B4-4F87-9E9D-D6A852DC57DE}"
EndProject
Project("{2150E333-8FDC-42A3-9474-1A3956D46DE8}") = "Application", "Application", "{C7CF0E45-6F47-4E15-80B9-ABCE1B245147}"
EndProject
Project("{FAE04EC0-301F-11D3-BF4B-00C04F79EFBC}") = "RentStuff.Services.Application", "Services\Application\RentStuff.Services.Application\RentStuff.Services.Application.csproj", "{12CF33B6-ECA8-4119-9F90-C7F7792B1D47}"
EndProject
Project("{FAE04EC0-301F-11D3-BF4B-00C04F79EFBC}") = "RentStuff.Services.Application.IntegrationTests", "Services\Application\RentStuff.Services.Application.IntegrationTests\RentStuff.Services.Application.IntegrationTests.csproj", "{75B1A7B7-8E33-4712-BE28-D42E696898FD}"
EndProject
Project("{2150E333-8FDC-42A3-9474-1A3956D46DE8}") = "Ports", "Ports", "{876579DF-5753-4638-93EF-5B295C013A91}"
EndProject
Project("{FAE04EC0-301F-11D3-BF4B-00C04F79EFBC}") = "RentStuff.Services.Ports.Adapter.Rest", "Services\Ports\RentStuff.Services.Ports.Adapter.Rest\RentStuff.Services.Ports.Adapter.Rest.csproj", "{D0F4D1E2-F6B7-4000-BEF2-59E5DC428224}"
EndProject
Project("{FAE04EC0-301F-11D3-BF4B-00C04F79EFBC}") = "RentStuff.Services.Ports.IntegrationTests", "Services\Ports\RentStuff.Services.Ports.IntegrationTests\RentStuff.Services.Ports.IntegrationTests.csproj", "{7EA74F80-78A6-4C4D-AEEC-0BBFB66264A1}"
EndProject
Global
	GlobalSection(SolutionConfigurationPlatforms) = preSolution
		Debug|Any CPU = Debug|Any CPU
		Release|Any CPU = Release|Any CPU
	EndGlobalSection
	GlobalSection(ProjectConfigurationPlatforms) = postSolution
		{C6C90B57-616B-4D09-BA23-1C9C42AC93AD}.Debug|Any CPU.ActiveCfg = Debug|Any CPU
		{C6C90B57-616B-4D09-BA23-1C9C42AC93AD}.Debug|Any CPU.Build.0 = Debug|Any CPU
		{C6C90B57-616B-4D09-BA23-1C9C42AC93AD}.Release|Any CPU.ActiveCfg = Release|Any CPU
		{C6C90B57-616B-4D09-BA23-1C9C42AC93AD}.Release|Any CPU.Build.0 = Release|Any CPU
		{03F4AAC8-E312-44B2-961C-AB5592C6853F}.Debug|Any CPU.ActiveCfg = Debug|Any CPU
		{03F4AAC8-E312-44B2-961C-AB5592C6853F}.Debug|Any CPU.Build.0 = Debug|Any CPU
		{03F4AAC8-E312-44B2-961C-AB5592C6853F}.Release|Any CPU.ActiveCfg = Release|Any CPU
		{03F4AAC8-E312-44B2-961C-AB5592C6853F}.Release|Any CPU.Build.0 = Release|Any CPU
		{8CC19802-C300-4E6B-9137-83DB9D94A481}.Debug|Any CPU.ActiveCfg = Debug|Any CPU
		{8CC19802-C300-4E6B-9137-83DB9D94A481}.Debug|Any CPU.Build.0 = Debug|Any CPU
		{8CC19802-C300-4E6B-9137-83DB9D94A481}.Release|Any CPU.ActiveCfg = Release|Any CPU
		{8CC19802-C300-4E6B-9137-83DB9D94A481}.Release|Any CPU.Build.0 = Release|Any CPU
		{EC5F3B68-1A9A-422C-8852-B0227BCE7183}.Debug|Any CPU.ActiveCfg = Debug|Any CPU
		{EC5F3B68-1A9A-422C-8852-B0227BCE7183}.Debug|Any CPU.Build.0 = Debug|Any CPU
		{EC5F3B68-1A9A-422C-8852-B0227BCE7183}.Release|Any CPU.ActiveCfg = Release|Any CPU
		{EC5F3B68-1A9A-422C-8852-B0227BCE7183}.Release|Any CPU.Build.0 = Release|Any CPU
		{0CCF9F64-68FF-487C-A46A-B25349F249A5}.Debug|Any CPU.ActiveCfg = Debug|Any CPU
		{0CCF9F64-68FF-487C-A46A-B25349F249A5}.Debug|Any CPU.Build.0 = Debug|Any CPU
		{0CCF9F64-68FF-487C-A46A-B25349F249A5}.Release|Any CPU.ActiveCfg = Release|Any CPU
		{0CCF9F64-68FF-487C-A46A-B25349F249A5}.Release|Any CPU.Build.0 = Release|Any CPU
		{A0B1BC04-A6F9-40CF-B8CB-29F7662DB517}.Debug|Any CPU.ActiveCfg = Debug|Any CPU
		{A0B1BC04-A6F9-40CF-B8CB-29F7662DB517}.Debug|Any CPU.Build.0 = Debug|Any CPU
		{A0B1BC04-A6F9-40CF-B8CB-29F7662DB517}.Release|Any CPU.ActiveCfg = Release|Any CPU
		{A0B1BC04-A6F9-40CF-B8CB-29F7662DB517}.Release|Any CPU.Build.0 = Release|Any CPU
		{F5927692-6840-4B54-A8AA-EC37152112DF}.Debug|Any CPU.ActiveCfg = Debug|Any CPU
		{F5927692-6840-4B54-A8AA-EC37152112DF}.Debug|Any CPU.Build.0 = Debug|Any CPU
		{F5927692-6840-4B54-A8AA-EC37152112DF}.Release|Any CPU.ActiveCfg = Release|Any CPU
		{F5927692-6840-4B54-A8AA-EC37152112DF}.Release|Any CPU.Build.0 = Release|Any CPU
		{E194A013-A570-4651-A709-9904C402DF07}.Debug|Any CPU.ActiveCfg = Debug|Any CPU
		{E194A013-A570-4651-A709-9904C402DF07}.Debug|Any CPU.Build.0 = Debug|Any CPU
		{E194A013-A570-4651-A709-9904C402DF07}.Release|Any CPU.ActiveCfg = Release|Any CPU
		{E194A013-A570-4651-A709-9904C402DF07}.Release|Any CPU.Build.0 = Release|Any CPU
		{85EED18F-3C13-49EF-9C12-48FDB2661896}.Debug|Any CPU.ActiveCfg = Debug|Any CPU
		{85EED18F-3C13-49EF-9C12-48FDB2661896}.Debug|Any CPU.Build.0 = Debug|Any CPU
		{85EED18F-3C13-49EF-9C12-48FDB2661896}.Release|Any CPU.ActiveCfg = Release|Any CPU
		{85EED18F-3C13-49EF-9C12-48FDB2661896}.Release|Any CPU.Build.0 = Release|Any CPU
		{48820D20-88B1-4641-8160-5014E9A6402E}.Debug|Any CPU.ActiveCfg = Debug|Any CPU
		{48820D20-88B1-4641-8160-5014E9A6402E}.Debug|Any CPU.Build.0 = Debug|Any CPU
		{48820D20-88B1-4641-8160-5014E9A6402E}.Release|Any CPU.ActiveCfg = Release|Any CPU
		{48820D20-88B1-4641-8160-5014E9A6402E}.Release|Any CPU.Build.0 = Release|Any CPU
		{567179C3-D2CD-4E90-983E-0932823EDFE0}.Debug|Any CPU.ActiveCfg = Debug|Any CPU
		{567179C3-D2CD-4E90-983E-0932823EDFE0}.Debug|Any CPU.Build.0 = Debug|Any CPU
		{567179C3-D2CD-4E90-983E-0932823EDFE0}.Release|Any CPU.ActiveCfg = Release|Any CPU
		{567179C3-D2CD-4E90-983E-0932823EDFE0}.Release|Any CPU.Build.0 = Release|Any CPU
		{9A986BD9-D995-4FB0-81B7-9F4DDD5F7012}.Debug|Any CPU.ActiveCfg = Debug|Any CPU
		{9A986BD9-D995-4FB0-81B7-9F4DDD5F7012}.Debug|Any CPU.Build.0 = Debug|Any CPU
		{9A986BD9-D995-4FB0-81B7-9F4DDD5F7012}.Release|Any CPU.ActiveCfg = Release|Any CPU
		{9A986BD9-D995-4FB0-81B7-9F4DDD5F7012}.Release|Any CPU.Build.0 = Release|Any CPU
		{24153DF5-36AD-4A75-BE68-0D3C53E8FA28}.Debug|Any CPU.ActiveCfg = Debug|Any CPU
		{24153DF5-36AD-4A75-BE68-0D3C53E8FA28}.Debug|Any CPU.Build.0 = Debug|Any CPU
		{24153DF5-36AD-4A75-BE68-0D3C53E8FA28}.Release|Any CPU.ActiveCfg = Release|Any CPU
		{24153DF5-36AD-4A75-BE68-0D3C53E8FA28}.Release|Any CPU.Build.0 = Release|Any CPU
		{7074E183-7B33-495D-BB73-B8E59D985FD0}.Debug|Any CPU.ActiveCfg = Debug|Any CPU
		{7074E183-7B33-495D-BB73-B8E59D985FD0}.Debug|Any CPU.Build.0 = Debug|Any CPU
		{7074E183-7B33-495D-BB73-B8E59D985FD0}.Release|Any CPU.ActiveCfg = Release|Any CPU
		{7074E183-7B33-495D-BB73-B8E59D985FD0}.Release|Any CPU.Build.0 = Release|Any CPU
		{C3760CB3-4CF3-4A61-95CB-BF96416263D4}.Debug|Any CPU.ActiveCfg = Debug|Any CPU
		{C3760CB3-4CF3-4A61-95CB-BF96416263D4}.Debug|Any CPU.Build.0 = Debug|Any CPU
		{C3760CB3-4CF3-4A61-95CB-BF96416263D4}.Release|Any CPU.ActiveCfg = Release|Any CPU
		{C3760CB3-4CF3-4A61-95CB-BF96416263D4}.Release|Any CPU.Build.0 = Release|Any CPU
		{CBC02C41-9B9D-43C3-AC9B-89333E061AC1}.Debug|Any CPU.ActiveCfg = Debug|Any CPU
		{CBC02C41-9B9D-43C3-AC9B-89333E061AC1}.Debug|Any CPU.Build.0 = Debug|Any CPU
		{CBC02C41-9B9D-43C3-AC9B-89333E061AC1}.Release|Any CPU.ActiveCfg = Release|Any CPU
		{CBC02C41-9B9D-43C3-AC9B-89333E061AC1}.Release|Any CPU.Build.0 = Release|Any CPU
		{E9984F91-391D-4D08-99E7-84514E351CB4}.Debug|Any CPU.ActiveCfg = Debug|Any CPU
		{E9984F91-391D-4D08-99E7-84514E351CB4}.Debug|Any CPU.Build.0 = Debug|Any CPU
		{E9984F91-391D-4D08-99E7-84514E351CB4}.Release|Any CPU.ActiveCfg = Release|Any CPU
		{E9984F91-391D-4D08-99E7-84514E351CB4}.Release|Any CPU.Build.0 = Release|Any CPU
		{173514CF-4CB5-4FC5-8931-E78D963C85B9}.Debug|Any CPU.ActiveCfg = Debug|Any CPU
		{173514CF-4CB5-4FC5-8931-E78D963C85B9}.Debug|Any CPU.Build.0 = Debug|Any CPU
		{173514CF-4CB5-4FC5-8931-E78D963C85B9}.Release|Any CPU.ActiveCfg = Release|Any CPU
		{173514CF-4CB5-4FC5-8931-E78D963C85B9}.Release|Any CPU.Build.0 = Release|Any CPU
		{4DA59693-D36F-49B7-BF3B-512B4FF5B147}.Debug|Any CPU.ActiveCfg = Debug|Any CPU
		{4DA59693-D36F-49B7-BF3B-512B4FF5B147}.Debug|Any CPU.Build.0 = Debug|Any CPU
		{4DA59693-D36F-49B7-BF3B-512B4FF5B147}.Release|Any CPU.ActiveCfg = Release|Any CPU
		{4DA59693-D36F-49B7-BF3B-512B4FF5B147}.Release|Any CPU.Build.0 = Release|Any CPU
		{DDCD4227-D0FC-4702-8A05-BD5C5B60F79C}.Debug|Any CPU.ActiveCfg = Debug|Any CPU
		{DDCD4227-D0FC-4702-8A05-BD5C5B60F79C}.Debug|Any CPU.Build.0 = Debug|Any CPU
		{DDCD4227-D0FC-4702-8A05-BD5C5B60F79C}.Release|Any CPU.ActiveCfg = Release|Any CPU
		{DDCD4227-D0FC-4702-8A05-BD5C5B60F79C}.Release|Any CPU.Build.0 = Release|Any CPU
		{8FD494E6-AC07-47F4-A868-59163E4F4477}.Debug|Any CPU.ActiveCfg = Debug|Any CPU
		{8FD494E6-AC07-47F4-A868-59163E4F4477}.Debug|Any CPU.Build.0 = Debug|Any CPU
		{8FD494E6-AC07-47F4-A868-59163E4F4477}.Release|Any CPU.ActiveCfg = Release|Any CPU
		{8FD494E6-AC07-47F4-A868-59163E4F4477}.Release|Any CPU.Build.0 = Release|Any CPU
		{2ABC48C3-1C71-4D95-BA87-117C1C6D42B6}.Debug|Any CPU.ActiveCfg = Debug|Any CPU
		{2ABC48C3-1C71-4D95-BA87-117C1C6D42B6}.Debug|Any CPU.Build.0 = Debug|Any CPU
		{2ABC48C3-1C71-4D95-BA87-117C1C6D42B6}.Release|Any CPU.ActiveCfg = Release|Any CPU
		{2ABC48C3-1C71-4D95-BA87-117C1C6D42B6}.Release|Any CPU.Build.0 = Release|Any CPU
		{1D08F074-7310-4BFE-87EE-1F51BDDA6DC7}.Debug|Any CPU.ActiveCfg = Debug|Any CPU
		{1D08F074-7310-4BFE-87EE-1F51BDDA6DC7}.Debug|Any CPU.Build.0 = Debug|Any CPU
		{1D08F074-7310-4BFE-87EE-1F51BDDA6DC7}.Release|Any CPU.ActiveCfg = Release|Any CPU
		{1D08F074-7310-4BFE-87EE-1F51BDDA6DC7}.Release|Any CPU.Build.0 = Release|Any CPU
		{C5BB148A-87B4-4F87-9E9D-D6A852DC57DE}.Debug|Any CPU.ActiveCfg = Debug|Any CPU
		{C5BB148A-87B4-4F87-9E9D-D6A852DC57DE}.Debug|Any CPU.Build.0 = Debug|Any CPU
		{C5BB148A-87B4-4F87-9E9D-D6A852DC57DE}.Release|Any CPU.ActiveCfg = Release|Any CPU
		{C5BB148A-87B4-4F87-9E9D-D6A852DC57DE}.Release|Any CPU.Build.0 = Release|Any CPU
		{12CF33B6-ECA8-4119-9F90-C7F7792B1D47}.Debug|Any CPU.ActiveCfg = Debug|Any CPU
		{12CF33B6-ECA8-4119-9F90-C7F7792B1D47}.Debug|Any CPU.Build.0 = Debug|Any CPU
		{12CF33B6-ECA8-4119-9F90-C7F7792B1D47}.Release|Any CPU.ActiveCfg = Release|Any CPU
		{12CF33B6-ECA8-4119-9F90-C7F7792B1D47}.Release|Any CPU.Build.0 = Release|Any CPU
		{75B1A7B7-8E33-4712-BE28-D42E696898FD}.Debug|Any CPU.ActiveCfg = Debug|Any CPU
		{75B1A7B7-8E33-4712-BE28-D42E696898FD}.Debug|Any CPU.Build.0 = Debug|Any CPU
		{75B1A7B7-8E33-4712-BE28-D42E696898FD}.Release|Any CPU.ActiveCfg = Release|Any CPU
		{75B1A7B7-8E33-4712-BE28-D42E696898FD}.Release|Any CPU.Build.0 = Release|Any CPU
		{D0F4D1E2-F6B7-4000-BEF2-59E5DC428224}.Debug|Any CPU.ActiveCfg = Debug|Any CPU
		{D0F4D1E2-F6B7-4000-BEF2-59E5DC428224}.Debug|Any CPU.Build.0 = Debug|Any CPU
		{D0F4D1E2-F6B7-4000-BEF2-59E5DC428224}.Release|Any CPU.ActiveCfg = Release|Any CPU
		{D0F4D1E2-F6B7-4000-BEF2-59E5DC428224}.Release|Any CPU.Build.0 = Release|Any CPU
		{7EA74F80-78A6-4C4D-AEEC-0BBFB66264A1}.Debug|Any CPU.ActiveCfg = Debug|Any CPU
		{7EA74F80-78A6-4C4D-AEEC-0BBFB66264A1}.Debug|Any CPU.Build.0 = Debug|Any CPU
		{7EA74F80-78A6-4C4D-AEEC-0BBFB66264A1}.Release|Any CPU.ActiveCfg = Release|Any CPU
		{7EA74F80-78A6-4C4D-AEEC-0BBFB66264A1}.Release|Any CPU.Build.0 = Release|Any CPU
	EndGlobalSection
	GlobalSection(SolutionProperties) = preSolution
		HideSolutionNode = FALSE
	EndGlobalSection
	GlobalSection(NestedProjects) = preSolution
		{A284837B-46E3-4BD2-AA43-05DB411B1462} = {601C3761-1766-4F27-BFE6-A7C39F0CFEF7}
		{C6C90B57-616B-4D09-BA23-1C9C42AC93AD} = {A284837B-46E3-4BD2-AA43-05DB411B1462}
		{03F4AAC8-E312-44B2-961C-AB5592C6853F} = {A284837B-46E3-4BD2-AA43-05DB411B1462}
		{9E864800-0C66-4330-A79D-1950BD8F3481} = {601C3761-1766-4F27-BFE6-A7C39F0CFEF7}
		{8CC19802-C300-4E6B-9137-83DB9D94A481} = {9E864800-0C66-4330-A79D-1950BD8F3481}
		{5B4ED24E-BE26-4A1B-AF37-A30373B09DC2} = {139B8879-4E88-48E0-AC8C-606D565B8701}
		{EC5F3B68-1A9A-422C-8852-B0227BCE7183} = {9E864800-0C66-4330-A79D-1950BD8F3481}
		{735CB2CB-2F7E-4D9F-AD8D-CEB0992E818A} = {601C3761-1766-4F27-BFE6-A7C39F0CFEF7}
		{0CCF9F64-68FF-487C-A46A-B25349F249A5} = {735CB2CB-2F7E-4D9F-AD8D-CEB0992E818A}
		{855F3427-5846-4366-8705-08A24E7909C5} = {601C3761-1766-4F27-BFE6-A7C39F0CFEF7}
		{A0B1BC04-A6F9-40CF-B8CB-29F7662DB517} = {FC5C8102-EF10-4F01-BF01-DF21D83A94E8}
		{F5927692-6840-4B54-A8AA-EC37152112DF} = {855F3427-5846-4366-8705-08A24E7909C5}
		{E194A013-A570-4651-A709-9904C402DF07} = {735CB2CB-2F7E-4D9F-AD8D-CEB0992E818A}
		{85EED18F-3C13-49EF-9C12-48FDB2661896} = {FC5C8102-EF10-4F01-BF01-DF21D83A94E8}
		{48820D20-88B1-4641-8160-5014E9A6402E} = {855F3427-5846-4366-8705-08A24E7909C5}
		{567179C3-D2CD-4E90-983E-0932823EDFE0} = {FC5C8102-EF10-4F01-BF01-DF21D83A94E8}
		{CE44C7F9-5D1C-4608-AA8E-252B40359F74} = {86C3C009-FEEF-4D35-8E99-DCD4F9E6AA09}
		{9A986BD9-D995-4FB0-81B7-9F4DDD5F7012} = {CE44C7F9-5D1C-4608-AA8E-252B40359F74}
		{006C4527-5731-4B65-AE75-6328231EDAB0} = {86C3C009-FEEF-4D35-8E99-DCD4F9E6AA09}
		{24153DF5-36AD-4A75-BE68-0D3C53E8FA28} = {006C4527-5731-4B65-AE75-6328231EDAB0}
		{6C7AB180-01E4-43AF-AAED-369EFBC572E5} = {86C3C009-FEEF-4D35-8E99-DCD4F9E6AA09}
		{7074E183-7B33-495D-BB73-B8E59D985FD0} = {6C7AB180-01E4-43AF-AAED-369EFBC572E5}
		{C3760CB3-4CF3-4A61-95CB-BF96416263D4} = {006C4527-5731-4B65-AE75-6328231EDAB0}
		{CBC02C41-9B9D-43C3-AC9B-89333E061AC1} = {006C4527-5731-4B65-AE75-6328231EDAB0}
		{3A7E2F02-75A0-493D-BC92-5B6569165DF2} = {86C3C009-FEEF-4D35-8E99-DCD4F9E6AA09}
		{E9984F91-391D-4D08-99E7-84514E351CB4} = {3A7E2F02-75A0-493D-BC92-5B6569165DF2}
		{173514CF-4CB5-4FC5-8931-E78D963C85B9} = {006C4527-5731-4B65-AE75-6328231EDAB0}
		{4DA59693-D36F-49B7-BF3B-512B4FF5B147} = {CE44C7F9-5D1C-4608-AA8E-252B40359F74}
		{DDCD4227-D0FC-4702-8A05-BD5C5B60F79C} = {6C7AB180-01E4-43AF-AAED-369EFBC572E5}
		{786D1F52-37E9-4B56-93C9-5C6F8D3D128F} = {AB5FAD01-A68C-4228-B958-1D4CEA65FC68}
		{8FD494E6-AC07-47F4-A868-59163E4F4477} = {786D1F52-37E9-4B56-93C9-5C6F8D3D128F}
		{2ABC48C3-1C71-4D95-BA87-117C1C6D42B6} = {786D1F52-37E9-4B56-93C9-5C6F8D3D128F}
		{ECBC00B5-2995-43E4-8AFF-C9D258D45160} = {AB5FAD01-A68C-4228-B958-1D4CEA65FC68}
		{1D08F074-7310-4BFE-87EE-1F51BDDA6DC7} = {ECBC00B5-2995-43E4-8AFF-C9D258D45160}
		{C5BB148A-87B4-4F87-9E9D-D6A852DC57DE} = {ECBC00B5-2995-43E4-8AFF-C9D258D45160}
		{C7CF0E45-6F47-4E15-80B9-ABCE1B245147} = {AB5FAD01-A68C-4228-B958-1D4CEA65FC68}
		{12CF33B6-ECA8-4119-9F90-C7F7792B1D47} = {C7CF0E45-6F47-4E15-80B9-ABCE1B245147}
		{75B1A7B7-8E33-4712-BE28-D42E696898FD} = {C7CF0E45-6F47-4E15-80B9-ABCE1B245147}
		{876579DF-5753-4638-93EF-5B295C013A91} = {AB5FAD01-A68C-4228-B958-1D4CEA65FC68}
		{D0F4D1E2-F6B7-4000-BEF2-59E5DC428224} = {876579DF-5753-4638-93EF-5B295C013A91}
		{7EA74F80-78A6-4C4D-AEEC-0BBFB66264A1} = {876579DF-5753-4638-93EF-5B295C013A91}
	EndGlobalSection
EndGlobal
